<?xml version="1.0" encoding="utf-8"?>
<Project ToolsVersion="4.0" xmlns:atg="http://atg.xbox.com" xmlns="http://schemas.microsoft.com/developer/msbuild/2003">
  <ItemGroup>
    <Filter Include="Resource Files">
      <UniqueIdentifier>{8e114980-c1a3-4ada-ad7c-83caadf5daeb}</UniqueIdentifier>
      <Extensions>rc;ico;cur;bmp;dlg;rc2;rct;bin;rgs;gif;jpg;jpeg;jpe</Extensions>
    </Filter>
    <Filter Include="Shaders">
      <UniqueIdentifier>{2c3d4c8c-5d1a-459a-a05a-a4e4b608a44e}</UniqueIdentifier>
      <Extensions>fx;fxh;hlsl</Extensions>
    </Filter>
    <Filter Include="Objects">
      <UniqueIdentifier>{08638ed0-4b97-475f-94ae-30446e9b7307}</UniqueIdentifier>
    </Filter>
    <Filter Include="Camera">
      <UniqueIdentifier>{bd885b66-64e4-4d40-a735-3b9beddc3838}</UniqueIdentifier>
    </Filter>
    <Filter Include="Input">
      <UniqueIdentifier>{cce08f47-646f-4c4f-b3a0-a46ec1aeeeb4}</UniqueIdentifier>
    </Filter>
    <Filter Include="TextureLoader">
      <UniqueIdentifier>{0b928527-6e5e-4d37-8856-9bad75d273f4}</UniqueIdentifier>
    </Filter>
    <Filter Include="Textures">
      <UniqueIdentifier>{5009c21a-55e2-4dd7-a79e-d568737d1fbc}</UniqueIdentifier>
    </Filter>
    <Filter Include="Lights">
      <UniqueIdentifier>{906c6f5f-aee8-4e0a-8fa2-bf312bdb6f05}</UniqueIdentifier>
    </Filter>
    <Filter Include="Data files">
      <UniqueIdentifier>{14dbe98b-982b-4e66-9132-eaae96e0a25f}</UniqueIdentifier>
    </Filter>
    <Filter Include="Graph">
      <UniqueIdentifier>{c18325fe-8366-4afe-b4c1-7a5b741b8f03}</UniqueIdentifier>
    </Filter>
    <Filter Include="Finite State Machine">
      <UniqueIdentifier>{0c61e6c5-ed9f-424e-9309-883380c837bf}</UniqueIdentifier>
    </Filter>
    <Filter Include="Finite State Machine\States">
      <UniqueIdentifier>{36b32f71-5bd3-476d-a280-bafd28709e82}</UniqueIdentifier>
    </Filter>
    <Filter Include="Objects\Actors">
      <UniqueIdentifier>{dc0dcc7e-0408-420f-8e30-2bb1d29391e2}</UniqueIdentifier>
    </Filter>
    <Filter Include="Objects\Props">
      <UniqueIdentifier>{002d8a45-54ed-4c73-838b-441ea6595982}</UniqueIdentifier>
    </Filter>
  </ItemGroup>
  <ItemGroup>
    <ClInclude Include="Application.h" />
    <ClInclude Include="data structs.h" />
    <ClInclude Include="GameObject.h">
      <Filter>Objects</Filter>
    </ClInclude>
    <ClInclude Include="Camera.h">
      <Filter>Camera</Filter>
    </ClInclude>
    <ClInclude Include="Input.h">
      <Filter>Input</Filter>
    </ClInclude>
    <ClInclude Include="DDSTextureLoader.h">
      <Filter>TextureLoader</Filter>
    </ClInclude>
    <ClInclude Include="Parser.h" />
    <ClInclude Include="TimeSlice.h" />
    <ClInclude Include="Frustum.h">
      <Filter>Objects</Filter>
    </ClInclude>
    <ClInclude Include="Light.h">
      <Filter>Lights</Filter>
    </ClInclude>
    <ClInclude Include="Collision.h" />
    <ClInclude Include="Octree.h" />
    <ClInclude Include="Node.h">
      <Filter>Graph</Filter>
    </ClInclude>
    <ClInclude Include="Graph.h">
      <Filter>Graph</Filter>
    </ClInclude>
    <ClInclude Include="Connection.h">
      <Filter>Graph</Filter>
    </ClInclude>
    <ClInclude Include="Steering.h" />
    <ClInclude Include="Marpo.h">
      <Filter>Finite State Machine</Filter>
    </ClInclude>
    <ClInclude Include="State.h">
      <Filter>Finite State Machine\States</Filter>
    </ClInclude>
    <ClInclude Include="TravelToPositionState.h">
      <Filter>Finite State Machine\States</Filter>
    </ClInclude>
    <ClInclude Include="RouteToState.h">
      <Filter>Finite State Machine\States</Filter>
    </ClInclude>
    <ClInclude Include="ExploreState.h">
      <Filter>Finite State Machine\States</Filter>
    </ClInclude>
    <ClInclude Include="Agent.h">
      <Filter>Objects\Actors</Filter>
    </ClInclude>
    <ClInclude Include="AgentController.h">
      <Filter>Objects\Actors</Filter>
    </ClInclude>
    <ClInclude Include="Player.h">
      <Filter>Objects\Actors</Filter>
    </ClInclude>
    <ClInclude Include="Skybox.h">
      <Filter>Objects\Props</Filter>
    </ClInclude>
    <ClInclude Include="Spline.h">
      <Filter>Objects\Props</Filter>
    </ClInclude>
    <ClInclude Include="Surface.h">
      <Filter>Objects\Props</Filter>
    </ClInclude>
  </ItemGroup>
  <ItemGroup>
    <ClCompile Include="Application.cpp" />
    <ClCompile Include="DX11 Framework.cpp" />
    <ClCompile Include="GameObject.cpp">
      <Filter>Objects</Filter>
    </ClCompile>
    <ClCompile Include="Camera.cpp">
      <Filter>Camera</Filter>
    </ClCompile>
    <ClCompile Include="Input.cpp">
      <Filter>Input</Filter>
    </ClCompile>
    <ClCompile Include="DDSTextureLoader.cpp">
      <Filter>TextureLoader</Filter>
    </ClCompile>
    <ClCompile Include="Parser.cpp" />
    <ClCompile Include="Frustum.cpp">
      <Filter>Objects</Filter>
    </ClCompile>
    <ClCompile Include="Collision.cpp" />
    <ClCompile Include="Node.cpp">
      <Filter>Graph</Filter>
    </ClCompile>
    <ClCompile Include="Graph.cpp">
      <Filter>Graph</Filter>
    </ClCompile>
    <ClCompile Include="Connection.cpp">
      <Filter>Graph</Filter>
    </ClCompile>
    <ClCompile Include="Steering.cpp" />
    <ClCompile Include="Marpo.cpp">
      <Filter>Finite State Machine</Filter>
    </ClCompile>
    <ClCompile Include="TravelToPositionState.cpp">
      <Filter>Finite State Machine\States</Filter>
    </ClCompile>
    <ClCompile Include="State.cpp">
      <Filter>Finite State Machine\States</Filter>
    </ClCompile>
    <ClCompile Include="RouteToState.cpp">
      <Filter>Finite State Machine\States</Filter>
    </ClCompile>
    <ClCompile Include="ExploreState.cpp">
      <Filter>Finite State Machine\States</Filter>
    </ClCompile>
    <ClCompile Include="Agent.cpp">
      <Filter>Objects\Actors</Filter>
    </ClCompile>
    <ClCompile Include="Player.cpp">
      <Filter>Objects\Actors</Filter>
    </ClCompile>
    <ClCompile Include="Skybox.cpp">
      <Filter>Objects\Props</Filter>
    </ClCompile>
    <ClCompile Include="Spline.cpp">
      <Filter>Objects\Props</Filter>
    </ClCompile>
    <ClCompile Include="Surface.cpp">
      <Filter>Objects\Props</Filter>
    </ClCompile>
  </ItemGroup>
  <ItemGroup>
    <CLInclude Include="resource.h">
      <Filter>Resource Files</Filter>
    </CLInclude>
  </ItemGroup>
  <ItemGroup>
    <None Include="DX11 Framework.fx">
      <Filter>Shaders</Filter>
    </None>
    <None Include="SkyBox.fx">
      <Filter>Shaders</Filter>
    </None>
    <None Include="LineShader.fx">
      <Filter>Shaders</Filter>
    </None>
    <None Include="pipe.txt">
      <Filter>Data files</Filter>
    </None>
  </ItemGroup>
  <ItemGroup>
    <ResourceCompile Include="DX11 Framework.rc">
      <Filter>Resource Files</Filter>
    </ResourceCompile>
  </ItemGroup>
  <ItemGroup>
    <Text Include="input_map.txt">
      <Filter>Input</Filter>
    </Text>
    <Text Include="worldData.txt">
      <Filter>Data files</Filter>
    </Text>
    <Text Include="plane.txt">
      <Filter>Data files</Filter>
    </Text>
    <Text Include="grassmtl.txt">
      <Filter>Data files</Filter>
    </Text>
  </ItemGroup>
  <ItemGroup>
    <Image Include="Crate_COLOR.dds">
      <Filter>Textures</Filter>
    </Image>
    <Image Include="Crate_SPEC.dds">
      <Filter>Textures</Filter>
    </Image>
    <Image Include="Crate_NRM.dds">
      <Filter>Textures</Filter>
    </Image>
    <Image Include="snowcube.dds">
      <Filter>Textures</Filter>
    </Image>
    <Image Include="grass.dds">
      <Filter>Textures</Filter>
    </Image>
    <Image Include="specularWhite.dds">
      <Filter>Textures</Filter>
    </Image>
    <Image Include="NormalUp.dds">
      <Filter>Textures</Filter>
    </Image>
  </ItemGroup>
  <ItemGroup>
    <Object Include="pipe.obj">
      <Filter>Data files</Filter>
    </Object>
    <Object Include="box.obj">
      <Filter>Data files</Filter>
    </Object>
  </ItemGroup>
</Project>